
Microsoft Visual Studio Solution File, Format Version 12.00
# Visual Studio Version 17
VisualStudioVersion = 17.1.32328.378
MinimumVisualStudioVersion = 10.0.40219.1
Project("{9A19103F-16F7-4668-BE54-9A1E7A4F7556}") = "RastrPVEq", "RastrPVEq\RastrPVEq.csproj", "{252ABDBF-7A0F-4AD0-819F-02D6F2CFF83D}"
EndProject
Project("{9A19103F-16F7-4668-BE54-9A1E7A4F7556}") = "FilterDataGrid.Net", "..\DatagridFilter\DataGridFilter\FilterDataGrid.Net\FilterDataGrid.Net.csproj", "{823B8361-12DC-48D6-9570-0385A261EEEF}"
EndProject
Global
	GlobalSection(SolutionConfigurationPlatforms) = preSolution
		Debug|Any CPU = Debug|Any CPU
		Debug|x64 = Debug|x64
		Debug|x86 = Debug|x86
		Release|Any CPU = Release|Any CPU
		Release|x64 = Release|x64
		Release|x86 = Release|x86
	EndGlobalSection
	GlobalSection(ProjectConfigurationPlatforms) = postSolution
		{252ABDBF-7A0F-4AD0-819F-02D6F2CFF83D}.Debug|Any CPU.ActiveCfg = Debug|Any CPU
		{252ABDBF-7A0F-4AD0-819F-02D6F2CFF83D}.Debug|Any CPU.Build.0 = Debug|Any CPU
		{252ABDBF-7A0F-4AD0-819F-02D6F2CFF83D}.Debug|x64.ActiveCfg = Debug|x64
		{252ABDBF-7A0F-4AD0-819F-02D6F2CFF83D}.Debug|x64.Build.0 = Debug|x64
		{252ABDBF-7A0F-4AD0-819F-02D6F2CFF83D}.Debug|x86.ActiveCfg = Debug|Any CPU
		{252ABDBF-7A0F-4AD0-819F-02D6F2CFF83D}.Debug|x86.Build.0 = Debug|Any CPU
		{252ABDBF-7A0F-4AD0-819F-02D6F2CFF83D}.Release|Any CPU.ActiveCfg = Release|Any CPU
		{252ABDBF-7A0F-4AD0-819F-02D6F2CFF83D}.Release|Any CPU.Build.0 = Release|Any CPU
		{252ABDBF-7A0F-4AD0-819F-02D6F2CFF83D}.Release|x64.ActiveCfg = Release|x64
		{252ABDBF-7A0F-4AD0-819F-02D6F2CFF83D}.Release|x64.Build.0 = Release|x64
		{252ABDBF-7A0F-4AD0-819F-02D6F2CFF83D}.Release|x86.ActiveCfg = Release|Any CPU
		{252ABDBF-7A0F-4AD0-819F-02D6F2CFF83D}.Release|x86.Build.0 = Release|Any CPU
		{823B8361-12DC-48D6-9570-0385A261EEEF}.Debug|Any CPU.ActiveCfg = Debug|Any CPU
		{823B8361-12DC-48D6-9570-0385A261EEEF}.Debug|Any CPU.Build.0 = Debug|Any CPU
		{823B8361-12DC-48D6-9570-0385A261EEEF}.Debug|x64.ActiveCfg = Debug|Any CPU
		{823B8361-12DC-48D6-9570-0385A261EEEF}.Debug|x64.Build.0 = Debug|Any CPU
		{823B8361-12DC-48D6-9570-0385A261EEEF}.Debug|x86.ActiveCfg = Debug|Any CPU
		{823B8361-12DC-48D6-9570-0385A261EEEF}.Debug|x86.Build.0 = Debug|Any CPU
		{823B8361-12DC-48D6-9570-0385A261EEEF}.Release|Any CPU.ActiveCfg = Release|Any CPU
		{823B8361-12DC-48D6-9570-0385A261EEEF}.Release|Any CPU.Build.0 = Release|Any CPU
		{823B8361-12DC-48D6-9570-0385A261EEEF}.Release|x64.ActiveCfg = Release|Any CPU
		{823B8361-12DC-48D6-9570-0385A261EEEF}.Release|x64.Build.0 = Release|Any CPU
		{823B8361-12DC-48D6-9570-0385A261EEEF}.Release|x86.ActiveCfg = Release|Any CPU
		{823B8361-12DC-48D6-9570-0385A261EEEF}.Release|x86.Build.0 = Release|Any CPU
	EndGlobalSection
	GlobalSection(SolutionProperties) = preSolution
		HideSolutionNode = FALSE
	EndGlobalSection
	GlobalSection(ExtensibilityGlobals) = postSolution
		SolutionGuid = {7BFAC2D6-A7B4-44B3-B778-7318F2A0199D}
	EndGlobalSection
EndGlobal
